{
    "_readme": [
        "This file locks the dependencies of your project to a known state",
        "Read more about it at https://getcomposer.org/doc/01-basic-usage.md#installing-dependencies",
        "This file is @generated automatically"
    ],
    "content-hash": "2ea1b29db2c291e191fc097cd5379965",
    "packages": [
        {
            "name": "katzgrau/klogger",
            "version": "1.2.2",
            "source": {
                "type": "git",
                "url": "https://github.com/katzgrau/KLogger.git",
                "reference": "36481c69db9305169a2ceadead25c2acaabd567c"
            },
            "dist": {
                "type": "zip",
                "url": "https://api.github.com/repos/katzgrau/KLogger/zipball/36481c69db9305169a2ceadead25c2acaabd567c",
                "reference": "36481c69db9305169a2ceadead25c2acaabd567c",
                "shasum": ""
            },
            "require": {
                "php": ">=5.3",
                "psr/log": "^1.0.0"
            },
            "require-dev": {
                "phpunit/phpunit": "^6.0.0"
            },
            "type": "library",
            "autoload": {
                "psr-4": {
                    "Katzgrau\\KLogger\\": "src/"
                },
                "classmap": [
                    "src/"
                ]
            },
            "notification-url": "https://packagist.org/downloads/",
            "license": [
                "MIT"
            ],
            "authors": [
                {
                    "name": "Kenny Katzgrau",
                    "email": "katzgrau@gmail.com"
                },
                {
                    "name": "Dan Horrigan",
                    "email": "dan@dhorrigan.com"
                }
            ],
            "description": "A Simple Logging Class",
            "keywords": [
                "logging"
            ],
            "support": {
                "issues": "https://github.com/katzgrau/KLogger/issues",
                "source": "https://github.com/katzgrau/KLogger/tree/1.2.2"
            },
            "time": "2022-07-29T20:41:14+00:00"
        },
        {
            "name": "masterminds/html5",
            "version": "2.9.0",
            "source": {
                "type": "git",
                "url": "https://github.com/Masterminds/html5-php.git",
                "reference": "f5ac2c0b0a2eefca70b2ce32a5809992227e75a6"
            },
            "dist": {
                "type": "zip",
                "url": "https://api.github.com/repos/Masterminds/html5-php/zipball/f5ac2c0b0a2eefca70b2ce32a5809992227e75a6",
                "reference": "f5ac2c0b0a2eefca70b2ce32a5809992227e75a6",
                "shasum": ""
            },
            "require": {
                "ext-dom": "*",
                "php": ">=5.3.0"
            },
            "require-dev": {
                "phpunit/phpunit": "^4.8.35 || ^5.7.21 || ^6 || ^7 || ^8 || ^9"
            },
            "type": "library",
            "extra": {
                "branch-alias": {
                    "dev-master": "2.7-dev"
                }
            },
            "autoload": {
                "psr-4": {
                    "Masterminds\\": "src"
                }
            },
            "notification-url": "https://packagist.org/downloads/",
            "license": [
                "MIT"
            ],
            "authors": [
                {
                    "name": "Matt Butcher",
                    "email": "technosophos@gmail.com"
                },
                {
                    "name": "Matt Farina",
                    "email": "matt@mattfarina.com"
                },
                {
                    "name": "Asmir Mustafic",
                    "email": "goetas@gmail.com"
                }
            ],
            "description": "An HTML5 parser and serializer.",
            "homepage": "http://masterminds.github.io/html5-php",
            "keywords": [
                "HTML5",
                "dom",
                "html",
                "parser",
                "querypath",
                "serializer",
                "xml"
            ],
            "support": {
                "issues": "https://github.com/Masterminds/html5-php/issues",
                "source": "https://github.com/Masterminds/html5-php/tree/2.9.0"
            },
            "time": "2024-03-31T07:05:07+00:00"
        },
        {
            "name": "mf2/mf2",
            "version": "v0.5.0",
            "source": {
                "type": "git",
                "url": "https://github.com/microformats/php-mf2.git",
                "reference": "ddc56de6be62ed4a21f569de9b80e17af678ca50"
            },
            "dist": {
                "type": "zip",
                "url": "https://api.github.com/repos/microformats/php-mf2/zipball/ddc56de6be62ed4a21f569de9b80e17af678ca50",
                "reference": "ddc56de6be62ed4a21f569de9b80e17af678ca50",
                "shasum": ""
            },
            "require": {
                "php": ">=5.6.0"
            },
            "require-dev": {
                "dealerdirect/phpcodesniffer-composer-installer": "^0.7",
                "mf2/tests": "dev-master#e9e2b905821ba0a5b59dab1a8eaf40634ce9cd49",
                "phpcompatibility/php-compatibility": "^9.3",
                "phpunit/phpunit": "^5.7",
                "squizlabs/php_codesniffer": "^3.6.2"
            },
            "suggest": {
                "barnabywalters/mf-cleaner": "To more easily handle the canonical data php-mf2 gives you",
                "masterminds/html5": "Alternative HTML parser for PHP, for better HTML5 support."
            },
            "bin": [
                "bin/fetch-mf2",
                "bin/parse-mf2"
            ],
            "type": "library",
            "autoload": {
                "files": [
                    "Mf2/Parser.php"
                ]
            },
            "notification-url": "https://packagist.org/downloads/",
            "license": [
                "CC0-1.0"
            ],
            "authors": [
                {
                    "name": "Barnaby Walters",
                    "homepage": "http://waterpigs.co.uk"
                }
            ],
            "description": "A pure, generic microformats2 parser — makes HTML as easy to consume as a JSON API",
            "keywords": [
                "html",
                "microformats",
                "microformats 2",
                "parser",
                "semantic"
            ],
            "support": {
                "issues": "https://github.com/microformats/php-mf2/issues",
                "source": "https://github.com/microformats/php-mf2/tree/v0.5.0"
            },
            "time": "2022-02-10T01:05:27+00:00"
        },
        {
            "name": "pear/http_request2",
            "version": "v2.7.0",
            "source": {
                "type": "git",
                "url": "https://github.com/pear/HTTP_Request2.git",
                "reference": "b1c61b71128045734d757c4d3d436457ace80ea7"
            },
            "dist": {
                "type": "zip",
                "url": "https://api.github.com/repos/pear/HTTP_Request2/zipball/b1c61b71128045734d757c4d3d436457ace80ea7",
                "reference": "b1c61b71128045734d757c4d3d436457ace80ea7",
                "shasum": ""
            },
            "require": {
                "pear/net_url2": "^2.2.0",
                "pear/pear_exception": "^1.0.0",
                "php": ">=5.6.0"
            },
            "require-dev": {
                "pear/log": "^1",
                "yoast/phpunit-polyfills": "^1.0.0"
            },
            "suggest": {
                "ext-curl": "Allows using cURL as a request backend.",
                "ext-fileinfo": "Adds support for looking up mime-types using finfo.",
                "ext-openssl": "Allows handling SSL requests when not using cURL.",
                "ext-zlib": "Allows handling gzip compressed responses."
            },
            "type": "library",
            "autoload": {
                "psr-0": {
                    "HTTP_Request2": ""
                }
            },
            "notification-url": "https://packagist.org/downloads/",
            "license": [
                "BSD-3-Clause"
            ],
            "authors": [
                {
                    "name": "Alexey Borzov",
                    "email": "avb@php.net"
                }
            ],
            "description": "Provides an easy way to perform HTTP requests.",
            "homepage": "https://pear.php.net/package/HTTP_Request2",
            "keywords": [
                "PEAR",
                "curl",
                "http",
                "request"
            ],
            "support": {
                "docs": "https://pear.php.net/manual/en/package.http.http-request2.php",
                "issues": "https://github.com/pear/HTTP_Request2/issues",
                "source": "https://github.com/pear/HTTP_Request2"
            },
            "time": "2025-04-06T13:48:50+00:00"
        },
        {
            "name": "pear/net_dns2",
            "version": "v1.5.4",
            "source": {
                "type": "git",
                "url": "https://github.com/mikepultz/netdns2.git",
                "reference": "c4a167ff1bc93aaae95601ebc86099376c994581"
            },
            "dist": {
                "type": "zip",
                "url": "https://api.github.com/repos/mikepultz/netdns2/zipball/c4a167ff1bc93aaae95601ebc86099376c994581",
                "reference": "c4a167ff1bc93aaae95601ebc86099376c994581",
                "shasum": ""
            },
            "require": {
                "php": ">=5.4"
            },
            "require-dev": {
                "phpunit/phpunit": "^9"
            },
            "type": "library",
            "autoload": {
                "psr-0": {
                    "Net_DNS2": ""
                }
            },
            "notification-url": "https://packagist.org/downloads/",
            "license": [
                "BSD-3-Clause"
            ],
            "authors": [
                {
                    "name": "Mike Pultz",
                    "email": "mike@mikepultz.com",
                    "homepage": "https://mikepultz.com/",
                    "role": "lead"
                }
            ],
            "description": "Native PHP DNS Resolver and Updater Library",
            "homepage": "https://netdns2.com/",
            "keywords": [
                "PEAR",
                "dns",
                "network"
            ],
            "support": {
                "issues": "https://github.com/mikepultz/netdns2/issues",
                "source": "https://github.com/mikepultz/netdns2"
            },
            "time": "2023-10-01T05:15:14+00:00"
        },
        {
            "name": "pear/net_url2",
            "version": "v2.2.3",
            "source": {
                "type": "git",
                "url": "https://github.com/pear/Net_URL2.git",
                "reference": "c1f2b316ed9b05e881cdb494f7550ddf817c76c8"
            },
            "dist": {
                "type": "zip",
                "url": "https://api.github.com/repos/pear/Net_URL2/zipball/c1f2b316ed9b05e881cdb494f7550ddf817c76c8",
                "reference": "c1f2b316ed9b05e881cdb494f7550ddf817c76c8",
                "shasum": ""
            },
            "require": {
                "php": ">=5.1.4"
            },
            "require-dev": {
                "phpunit/phpunit": ">=3.3.0"
            },
            "type": "library",
            "extra": {
                "branch-alias": {
                    "dev-master": "2.2.x-dev"
                }
            },
            "autoload": {
                "classmap": [
                    "Net/URL2.php"
                ]
            },
            "notification-url": "https://packagist.org/downloads/",
            "include-path": [
                "./"
            ],
            "license": [
                "BSD-3-Clause"
            ],
            "authors": [
                {
                    "name": "Tom Klingenberg",
                    "email": "tkli@php.net"
                },
                {
                    "name": "David Coallier",
                    "email": "davidc@php.net"
                },
                {
                    "name": "Christian Schmidt",
                    "email": "chmidt@php.net"
                }
            ],
            "description": "Class for parsing and handling URL. Provides parsing of URLs into their constituent parts (scheme, host, path etc.), URL generation, and resolving of relative URLs.",
            "homepage": "https://github.com/pear/Net_URL2",
            "keywords": [
                "PEAR",
                "net",
                "networking",
                "rfc3986",
                "uri",
                "url"
            ],
            "support": {
                "issues": "https://pear.php.net/bugs/search.php?cmd=display&package_name[]=Net_URL2",
                "source": "https://github.com/pear/Net_URL2"
            },
            "time": "2025-03-24T08:03:00+00:00"
        },
        {
            "name": "pear/pear_exception",
            "version": "v1.0.2",
            "source": {
                "type": "git",
                "url": "https://github.com/pear/PEAR_Exception.git",
                "reference": "b14fbe2ddb0b9f94f5b24cf08783d599f776fff0"
            },
            "dist": {
                "type": "zip",
                "url": "https://api.github.com/repos/pear/PEAR_Exception/zipball/b14fbe2ddb0b9f94f5b24cf08783d599f776fff0",
                "reference": "b14fbe2ddb0b9f94f5b24cf08783d599f776fff0",
                "shasum": ""
            },
            "require": {
                "php": ">=5.2.0"
            },
            "require-dev": {
                "phpunit/phpunit": "<9"
            },
            "type": "class",
            "extra": {
                "branch-alias": {
                    "dev-master": "1.0.x-dev"
                }
            },
            "autoload": {
                "classmap": [
                    "PEAR/"
                ]
            },
            "notification-url": "https://packagist.org/downloads/",
            "include-path": [
                "."
            ],
            "license": [
                "BSD-2-Clause"
            ],
            "authors": [
                {
                    "name": "Helgi Thormar",
                    "email": "dufuz@php.net"
                },
                {
                    "name": "Greg Beaver",
                    "email": "cellog@php.net"
                }
            ],
            "description": "The PEAR Exception base class.",
            "homepage": "https://github.com/pear/PEAR_Exception",
            "keywords": [
                "exception"
            ],
            "support": {
                "issues": "http://pear.php.net/bugs/search.php?cmd=display&package_name[]=PEAR_Exception",
                "source": "https://github.com/pear/PEAR_Exception"
            },
            "time": "2021-03-21T15:43:46+00:00"
        },
        {
            "name": "php81_bc/strftime",
            "version": "0.5.0",
            "source": {
                "type": "git",
                "url": "https://github.com/alphp/strftime.git",
                "reference": "4c1b56eaae4bb3f02f994ba47c2e5a225378e62f"
            },
            "dist": {
                "type": "zip",
                "url": "https://api.github.com/repos/alphp/strftime/zipball/4c1b56eaae4bb3f02f994ba47c2e5a225378e62f",
                "reference": "4c1b56eaae4bb3f02f994ba47c2e5a225378e62f",
                "shasum": ""
            },
            "require": {
                "ext-intl": "*",
                "php": ">=7.1.0"
            },
            "require-dev": {
                "phpunit/phpunit": "@stable"
            },
            "type": "library",
            "autoload": {
                "files": [
                    "src/php-8.1-strftime.php"
                ]
            },
            "notification-url": "https://packagist.org/downloads/",
            "license": [
                "MIT"
            ],
            "authors": [
                {
                    "name": "Fernando Herrero",
                    "homepage": "https://github.com/alphp/strftime/graphs/contributors"
                }
            ],
            "description": "Locale-formatted strftime using IntlDateFormatter (PHP 8.1 compatible)",
            "support": {
                "issues": "https://github.com/alphp/strftime/issues",
                "source": "https://github.com/alphp/strftime"
            },
            "time": "2022-04-10T22:31:16+00:00"
        },
        {
            "name": "psr/log",
            "version": "1.1.4",
            "source": {
                "type": "git",
                "url": "https://github.com/php-fig/log.git",
                "reference": "d49695b909c3b7628b6289db5479a1c204601f11"
            },
            "dist": {
                "type": "zip",
                "url": "https://api.github.com/repos/php-fig/log/zipball/d49695b909c3b7628b6289db5479a1c204601f11",
                "reference": "d49695b909c3b7628b6289db5479a1c204601f11",
                "shasum": ""
            },
            "require": {
                "php": ">=5.3.0"
            },
            "type": "library",
            "extra": {
                "branch-alias": {
                    "dev-master": "1.1.x-dev"
                }
            },
            "autoload": {
                "psr-4": {
                    "Psr\\Log\\": "Psr/Log/"
                }
            },
            "notification-url": "https://packagist.org/downloads/",
            "license": [
                "MIT"
            ],
            "authors": [
                {
                    "name": "PHP-FIG",
                    "homepage": "https://www.php-fig.org/"
                }
            ],
            "description": "Common interface for logging libraries",
            "homepage": "https://github.com/php-fig/log",
            "keywords": [
                "log",
                "psr",
                "psr-3"
            ],
            "support": {
                "source": "https://github.com/php-fig/log/tree/1.1.4"
            },
            "time": "2021-05-03T11:20:27+00:00"
        },
        {
            "name": "smarty/smarty",
            "version": "v5.4.5",
            "source": {
                "type": "git",
                "url": "https://github.com/smarty-php/smarty.git",
                "reference": "e26f82d02c4d18fc82094c28fbc65f711e39ed5d"
            },
            "dist": {
                "type": "zip",
                "url": "https://api.github.com/repos/smarty-php/smarty/zipball/e26f82d02c4d18fc82094c28fbc65f711e39ed5d",
                "reference": "e26f82d02c4d18fc82094c28fbc65f711e39ed5d",
                "shasum": ""
            },
            "require": {
                "php": "^7.2 || ^8.0",
                "symfony/polyfill-mbstring": "^1.27"
            },
            "require-dev": {
                "phpunit/phpunit": "^8.5 || ^7.5",
                "smarty/smarty-lexer": "^4.0.2"
            },
            "type": "library",
            "extra": {
                "branch-alias": {
                    "dev-master": "5.0.x-dev"
                }
            },
            "autoload": {
                "files": [
                    "src/functions.php"
                ],
                "psr-4": {
                    "Smarty\\": "src/"
                }
            },
            "notification-url": "https://packagist.org/downloads/",
            "license": [
                "LGPL-3.0"
            ],
            "authors": [
                {
                    "name": "Monte Ohrt",
                    "email": "monte@ohrt.com"
                },
                {
                    "name": "Uwe Tews",
                    "email": "uwe.tews@googlemail.com"
                },
                {
                    "name": "Rodney Rehm",
                    "email": "rodney.rehm@medialize.de"
                },
                {
                    "name": "Simon Wisselink",
                    "homepage": "https://www.iwink.nl/"
                }
            ],
            "description": "Smarty - the compiling PHP template engine",
            "homepage": "https://smarty-php.github.io/smarty/",
            "keywords": [
                "templating"
            ],
            "support": {
                "forum": "https://github.com/smarty-php/smarty/discussions",
                "issues": "https://github.com/smarty-php/smarty/issues",
                "source": "https://github.com/smarty-php/smarty/tree/v5.4.5"
            },
            "funding": [
                {
                    "url": "https://github.com/wisskid",
                    "type": "github"
                }
            ],
            "time": "2025-04-15T11:20:08+00:00"
        },
        {
            "name": "symfony/polyfill-mbstring",
            "version": "v1.31.0",
            "source": {
                "type": "git",
                "url": "https://github.com/symfony/polyfill-mbstring.git",
                "reference": "85181ba99b2345b0ef10ce42ecac37612d9fd341"
            },
            "dist": {
                "type": "zip",
                "url": "https://api.github.com/repos/symfony/polyfill-mbstring/zipball/85181ba99b2345b0ef10ce42ecac37612d9fd341",
                "reference": "85181ba99b2345b0ef10ce42ecac37612d9fd341",
                "shasum": ""
            },
            "require": {
                "php": ">=7.2"
            },
            "provide": {
                "ext-mbstring": "*"
            },
            "suggest": {
                "ext-mbstring": "For best performance"
            },
            "type": "library",
            "extra": {
                "thanks": {
                    "url": "https://github.com/symfony/polyfill",
                    "name": "symfony/polyfill"
                }
            },
            "autoload": {
                "files": [
                    "bootstrap.php"
                ],
                "psr-4": {
                    "Symfony\\Polyfill\\Mbstring\\": ""
                }
            },
            "notification-url": "https://packagist.org/downloads/",
            "license": [
                "MIT"
            ],
            "authors": [
                {
                    "name": "Nicolas Grekas",
                    "email": "p@tchwork.com"
                },
                {
                    "name": "Symfony Community",
                    "homepage": "https://symfony.com/contributors"
                }
            ],
            "description": "Symfony polyfill for the Mbstring extension",
            "homepage": "https://symfony.com",
            "keywords": [
                "compatibility",
                "mbstring",
                "polyfill",
                "portable",
                "shim"
            ],
            "support": {
                "source": "https://github.com/symfony/polyfill-mbstring/tree/v1.31.0"
            },
            "funding": [
                {
                    "url": "https://symfony.com/sponsor",
                    "type": "custom"
                },
                {
                    "url": "https://github.com/fabpot",
                    "type": "github"
                },
                {
                    "url": "https://tidelift.com/funding/github/packagist/symfony/symfony",
                    "type": "tidelift"
                }
            ],
            "time": "2024-09-09T11:45:10+00:00"
        }
    ],
    "packages-dev": [],
    "aliases": [],
    "minimum-stability": "dev",
    "stability-flags": {},
    "prefer-stable": true,
    "prefer-lowest": false,
    "platform": {
        "ext-intl": "*",
        "ext-json": "*",
        "ext-libxml": "*",
        "ext-mbstring": "*",
        "ext-pcre": "*",
        "ext-session": "*",
        "ext-xml": "*"
    },
    "platform-dev": {},
    "platform-overrides": {
        "php": "7.4"
    },
    "plugin-api-version": "2.6.0"
}
